PODS:
  - Alamofire (5.4.3)
  - Charts (3.6.0):
    - Charts/Core (= 3.6.0)
  - Charts/Core (3.6.0)
  - FSCalendar (2.8.2)

DEPENDENCIES:
  - Alamofire (~> 5.4)
  - Charts
  - FSCalendar

SPEC REPOS:
  trunk:
    - Alamofire
    - Charts
    - FSCalendar

SPEC CHECKSUMS:
  Alamofire: e447a2774a40c996748296fa2c55112fdbbc42f9
  Charts: b1e3a1f5a1c9ba5394438ca3b91bd8c9076310af
  FSCalendar: e6a2eb9c571bf0719ed797ef807e08426753c241

PODFILE CHECKSUM: 544a63d853f5746d8c4d37687a0e144fbc6995b5

COCOAPODS: 1.11.3
